
Microsoft Visual Studio Solution File, Format Version 12.00
# Visual Studio Version 17
VisualStudioVersion = 17.0.31903.59
MinimumVisualStudioVersion = 10.0.40219.1
Project("{2150E333-8FDC-42A3-9474-1A3956D46DE8}") = "src", "src", "{827E0CD3-B72D-47B6-A68D-7590B98EB39B}"
EndProject
Project("{FAE04EC0-301F-11D3-BF4B-00C04F79EFBC}") = "PulseBoard.Domain", "src\PulseBoard.Domain\PulseBoard.Domain.csproj", "{4037C04F-CDE6-4F60-860F-81D8BA39679F}"
EndProject
Project("{FAE04EC0-301F-11D3-BF4B-00C04F79EFBC}") = "PulseBoard.Application", "src\PulseBoard.Application\PulseBoard.Application.csproj", "{962AEA50-123E-4A8C-B94F-5494DAEC26F6}"
EndProject
Project("{FAE04EC0-301F-11D3-BF4B-00C04F79EFBC}") = "PulseBoard.Infrastructure", "src\PulseBoard.Infrastructure\PulseBoard.Infrastructure.csproj", "{5CEAB1FD-5CA3-489E-A9E4-C90DBD495C3A}"
EndProject
Project("{FAE04EC0-301F-11D3-BF4B-00C04F79EFBC}") = "PulseBoard.Api", "src\PulseBoard.Api\PulseBoard.Api.csproj", "{B4C2AF41-9956-4BB6-B539-6D7A3D76B5C1}"
EndProject
Project("{FAE04EC0-301F-11D3-BF4B-00C04F79EFBC}") = "PulseBoard.Tests", "tests\PulseBoard.Tests\PulseBoard.Tests.csproj", "{ACA7B6F5-D151-4950-8E9B-E4BF86BBEBEF}"
EndProject
Global
	GlobalSection(SolutionConfigurationPlatforms) = preSolution
		Debug|Any CPU = Debug|Any CPU
		Debug|x64 = Debug|x64
		Debug|x86 = Debug|x86
		Release|Any CPU = Release|Any CPU
		Release|x64 = Release|x64
		Release|x86 = Release|x86
	EndGlobalSection
	GlobalSection(ProjectConfigurationPlatforms) = postSolution
		{4037C04F-CDE6-4F60-860F-81D8BA39679F}.Debug|Any CPU.ActiveCfg = Debug|Any CPU
		{4037C04F-CDE6-4F60-860F-81D8BA39679F}.Debug|Any CPU.Build.0 = Debug|Any CPU
		{4037C04F-CDE6-4F60-860F-81D8BA39679F}.Debug|x64.ActiveCfg = Debug|Any CPU
		{4037C04F-CDE6-4F60-860F-81D8BA39679F}.Debug|x64.Build.0 = Debug|Any CPU
		{4037C04F-CDE6-4F60-860F-81D8BA39679F}.Debug|x86.ActiveCfg = Debug|Any CPU
		{4037C04F-CDE6-4F60-860F-81D8BA39679F}.Debug|x86.Build.0 = Debug|Any CPU
		{4037C04F-CDE6-4F60-860F-81D8BA39679F}.Release|Any CPU.ActiveCfg = Release|Any CPU
		{4037C04F-CDE6-4F60-860F-81D8BA39679F}.Release|Any CPU.Build.0 = Release|Any CPU
		{4037C04F-CDE6-4F60-860F-81D8BA39679F}.Release|x64.ActiveCfg = Release|Any CPU
		{4037C04F-CDE6-4F60-860F-81D8BA39679F}.Release|x64.Build.0 = Release|Any CPU
		{4037C04F-CDE6-4F60-860F-81D8BA39679F}.Release|x86.ActiveCfg = Release|Any CPU
		{4037C04F-CDE6-4F60-860F-81D8BA39679F}.Release|x86.Build.0 = Release|Any CPU
		{962AEA50-123E-4A8C-B94F-5494DAEC26F6}.Debug|Any CPU.ActiveCfg = Debug|Any CPU
		{962AEA50-123E-4A8C-B94F-5494DAEC26F6}.Debug|Any CPU.Build.0 = Debug|Any CPU
		{962AEA50-123E-4A8C-B94F-5494DAEC26F6}.Debug|x64.ActiveCfg = Debug|Any CPU
		{962AEA50-123E-4A8C-B94F-5494DAEC26F6}.Debug|x64.Build.0 = Debug|Any CPU
		{962AEA50-123E-4A8C-B94F-5494DAEC26F6}.Debug|x86.ActiveCfg = Debug|Any CPU
		{962AEA50-123E-4A8C-B94F-5494DAEC26F6}.Debug|x86.Build.0 = Debug|Any CPU
		{962AEA50-123E-4A8C-B94F-5494DAEC26F6}.Release|Any CPU.ActiveCfg = Release|Any CPU
		{962AEA50-123E-4A8C-B94F-5494DAEC26F6}.Release|Any CPU.Build.0 = Release|Any CPU
		{962AEA50-123E-4A8C-B94F-5494DAEC26F6}.Release|x64.ActiveCfg = Release|Any CPU
		{962AEA50-123E-4A8C-B94F-5494DAEC26F6}.Release|x64.Build.0 = Release|Any CPU
		{962AEA50-123E-4A8C-B94F-5494DAEC26F6}.Release|x86.ActiveCfg = Release|Any CPU
		{962AEA50-123E-4A8C-B94F-5494DAEC26F6}.Release|x86.Build.0 = Release|Any CPU
		{5CEAB1FD-5CA3-489E-A9E4-C90DBD495C3A}.Debug|Any CPU.ActiveCfg = Debug|Any CPU
		{5CEAB1FD-5CA3-489E-A9E4-C90DBD495C3A}.Debug|Any CPU.Build.0 = Debug|Any CPU
		{5CEAB1FD-5CA3-489E-A9E4-C90DBD495C3A}.Debug|x64.ActiveCfg = Debug|Any CPU
		{5CEAB1FD-5CA3-489E-A9E4-C90DBD495C3A}.Debug|x64.Build.0 = Debug|Any CPU
		{5CEAB1FD-5CA3-489E-A9E4-C90DBD495C3A}.Debug|x86.ActiveCfg = Debug|Any CPU
		{5CEAB1FD-5CA3-489E-A9E4-C90DBD495C3A}.Debug|x86.Build.0 = Debug|Any CPU
		{5CEAB1FD-5CA3-489E-A9E4-C90DBD495C3A}.Release|Any CPU.ActiveCfg = Release|Any CPU
		{5CEAB1FD-5CA3-489E-A9E4-C90DBD495C3A}.Release|Any CPU.Build.0 = Release|Any CPU
		{5CEAB1FD-5CA3-489E-A9E4-C90DBD495C3A}.Release|x64.ActiveCfg = Release|Any CPU
		{5CEAB1FD-5CA3-489E-A9E4-C90DBD495C3A}.Release|x64.Build.0 = Release|Any CPU
		{5CEAB1FD-5CA3-489E-A9E4-C90DBD495C3A}.Release|x86.ActiveCfg = Release|Any CPU
		{5CEAB1FD-5CA3-489E-A9E4-C90DBD495C3A}.Release|x86.Build.0 = Release|Any CPU
		{B4C2AF41-9956-4BB6-B539-6D7A3D76B5C1}.Debug|Any CPU.ActiveCfg = Debug|Any CPU
		{B4C2AF41-9956-4BB6-B539-6D7A3D76B5C1}.Debug|Any CPU.Build.0 = Debug|Any CPU
		{B4C2AF41-9956-4BB6-B539-6D7A3D76B5C1}.Debug|x64.ActiveCfg = Debug|Any CPU
		{B4C2AF41-9956-4BB6-B539-6D7A3D76B5C1}.Debug|x64.Build.0 = Debug|Any CPU
		{B4C2AF41-9956-4BB6-B539-6D7A3D76B5C1}.Debug|x86.ActiveCfg = Debug|Any CPU
		{B4C2AF41-9956-4BB6-B539-6D7A3D76B5C1}.Debug|x86.Build.0 = Debug|Any CPU
		{B4C2AF41-9956-4BB6-B539-6D7A3D76B5C1}.Release|Any CPU.ActiveCfg = Release|Any CPU
		{B4C2AF41-9956-4BB6-B539-6D7A3D76B5C1}.Release|Any CPU.Build.0 = Release|Any CPU
		{B4C2AF41-9956-4BB6-B539-6D7A3D76B5C1}.Release|x64.ActiveCfg = Release|Any CPU
		{B4C2AF41-9956-4BB6-B539-6D7A3D76B5C1}.Release|x64.Build.0 = Release|Any CPU
		{B4C2AF41-9956-4BB6-B539-6D7A3D76B5C1}.Release|x86.ActiveCfg = Release|Any CPU
		{B4C2AF41-9956-4BB6-B539-6D7A3D76B5C1}.Release|x86.Build.0 = Release|Any CPU
		{ACA7B6F5-D151-4950-8E9B-E4BF86BBEBEF}.Debug|Any CPU.ActiveCfg = Debug|Any CPU
		{ACA7B6F5-D151-4950-8E9B-E4BF86BBEBEF}.Debug|Any CPU.Build.0 = Debug|Any CPU
		{ACA7B6F5-D151-4950-8E9B-E4BF86BBEBEF}.Debug|x64.ActiveCfg = Debug|Any CPU
		{ACA7B6F5-D151-4950-8E9B-E4BF86BBEBEF}.Debug|x64.Build.0 = Debug|Any CPU
		{ACA7B6F5-D151-4950-8E9B-E4BF86BBEBEF}.Debug|x86.ActiveCfg = Debug|Any CPU
		{ACA7B6F5-D151-4950-8E9B-E4BF86BBEBEF}.Debug|x86.Build.0 = Debug|Any CPU
		{ACA7B6F5-D151-4950-8E9B-E4BF86BBEBEF}.Release|Any CPU.ActiveCfg = Release|Any CPU
		{ACA7B6F5-D151-4950-8E9B-E4BF86BBEBEF}.Release|Any CPU.Build.0 = Release|Any CPU
		{ACA7B6F5-D151-4950-8E9B-E4BF86BBEBEF}.Release|x64.ActiveCfg = Release|Any CPU
		{ACA7B6F5-D151-4950-8E9B-E4BF86BBEBEF}.Release|x64.Build.0 = Release|Any CPU
		{ACA7B6F5-D151-4950-8E9B-E4BF86BBEBEF}.Release|x86.ActiveCfg = Release|Any CPU
		{ACA7B6F5-D151-4950-8E9B-E4BF86BBEBEF}.Release|x86.Build.0 = Release|Any CPU
	EndGlobalSection
	GlobalSection(SolutionProperties) = preSolution
		HideSolutionNode = FALSE
	EndGlobalSection
	GlobalSection(NestedProjects) = preSolution
		{4037C04F-CDE6-4F60-860F-81D8BA39679F} = {827E0CD3-B72D-47B6-A68D-7590B98EB39B}
		{962AEA50-123E-4A8C-B94F-5494DAEC26F6} = {827E0CD3-B72D-47B6-A68D-7590B98EB39B}
		{5CEAB1FD-5CA3-489E-A9E4-C90DBD495C3A} = {827E0CD3-B72D-47B6-A68D-7590B98EB39B}
		{B4C2AF41-9956-4BB6-B539-6D7A3D76B5C1} = {827E0CD3-B72D-47B6-A68D-7590B98EB39B}
		{ACA7B6F5-D151-4950-8E9B-E4BF86BBEBEF} = {827E0CD3-B72D-47B6-A68D-7590B98EB39B}
	EndGlobalSection
EndGlobal
